
Microsoft Visual Studio Solution File, Format Version 12.00
# Visual Studio Version 16
VisualStudioVersion = 16.0.31112.23
MinimumVisualStudioVersion = 10.0.40219.1
Project("{9A19103F-16F7-4668-BE54-9A1E7A4F7556}") = "DataAccess", "DataAccess\DataAccess.csproj", "{32D7BB52-9A02-4B7B-968A-247873264BA9}"
EndProject
Project("{9A19103F-16F7-4668-BE54-9A1E7A4F7556}") = "Business", "Business\Business.csproj", "{45AE111A-2D6C-4400-8F96-76100605DDBF}"
EndProject
Project("{9A19103F-16F7-4668-BE54-9A1E7A4F7556}") = "Entities", "Entities\Entities.csproj", "{B86D40D5-FD18-4816-852E-3C7788906177}"
EndProject
Project("{9A19103F-16F7-4668-BE54-9A1E7A4F7556}") = "ConsoleUI", "ConsoleUI\ConsoleUI.csproj", "{6C627D38-CB4F-4FB2-B0D1-2475E8008F42}"
EndProject
Project("{9A19103F-16F7-4668-BE54-9A1E7A4F7556}") = "Core", "Core\Core.csproj", "{DBC1395D-3C0D-4E42-A223-F311D1E0A88B}"
EndProject
Project("{FAE04EC0-301F-11D3-BF4B-00C04F79EFBC}") = "WebAPI", "WebAPI\WebAPI.csproj", "{9A1D5EBC-8382-49B8-99AA-8A3978E545AC}"
EndProject
Global
	GlobalSection(SolutionConfigurationPlatforms) = preSolution
		Debug|Any CPU = Debug|Any CPU
		Release|Any CPU = Release|Any CPU
	EndGlobalSection
	GlobalSection(ProjectConfigurationPlatforms) = postSolution
		{32D7BB52-9A02-4B7B-968A-247873264BA9}.Debug|Any CPU.ActiveCfg = Debug|Any CPU
		{32D7BB52-9A02-4B7B-968A-247873264BA9}.Debug|Any CPU.Build.0 = Debug|Any CPU
		{32D7BB52-9A02-4B7B-968A-247873264BA9}.Release|Any CPU.ActiveCfg = Release|Any CPU
		{32D7BB52-9A02-4B7B-968A-247873264BA9}.Release|Any CPU.Build.0 = Release|Any CPU
		{45AE111A-2D6C-4400-8F96-76100605DDBF}.Debug|Any CPU.ActiveCfg = Debug|Any CPU
		{45AE111A-2D6C-4400-8F96-76100605DDBF}.Debug|Any CPU.Build.0 = Debug|Any CPU
		{45AE111A-2D6C-4400-8F96-76100605DDBF}.Release|Any CPU.ActiveCfg = Release|Any CPU
		{45AE111A-2D6C-4400-8F96-76100605DDBF}.Release|Any CPU.Build.0 = Release|Any CPU
		{B86D40D5-FD18-4816-852E-3C7788906177}.Debug|Any CPU.ActiveCfg = Debug|Any CPU
		{B86D40D5-FD18-4816-852E-3C7788906177}.Debug|Any CPU.Build.0 = Debug|Any CPU
		{B86D40D5-FD18-4816-852E-3C7788906177}.Release|Any CPU.ActiveCfg = Release|Any CPU
		{B86D40D5-FD18-4816-852E-3C7788906177}.Release|Any CPU.Build.0 = Release|Any CPU
		{6C627D38-CB4F-4FB2-B0D1-2475E8008F42}.Debug|Any CPU.ActiveCfg = Debug|Any CPU
		{6C627D38-CB4F-4FB2-B0D1-2475E8008F42}.Debug|Any CPU.Build.0 = Debug|Any CPU
		{6C627D38-CB4F-4FB2-B0D1-2475E8008F42}.Release|Any CPU.ActiveCfg = Release|Any CPU
		{6C627D38-CB4F-4FB2-B0D1-2475E8008F42}.Release|Any CPU.Build.0 = Release|Any CPU
		{DBC1395D-3C0D-4E42-A223-F311D1E0A88B}.Debug|Any CPU.ActiveCfg = Debug|Any CPU
		{DBC1395D-3C0D-4E42-A223-F311D1E0A88B}.Debug|Any CPU.Build.0 = Debug|Any CPU
		{DBC1395D-3C0D-4E42-A223-F311D1E0A88B}.Release|Any CPU.ActiveCfg = Release|Any CPU
		{DBC1395D-3C0D-4E42-A223-F311D1E0A88B}.Release|Any CPU.Build.0 = Release|Any CPU
		{9A1D5EBC-8382-49B8-99AA-8A3978E545AC}.Debug|Any CPU.ActiveCfg = Debug|Any CPU
		{9A1D5EBC-8382-49B8-99AA-8A3978E545AC}.Debug|Any CPU.Build.0 = Debug|Any CPU
		{9A1D5EBC-8382-49B8-99AA-8A3978E545AC}.Release|Any CPU.ActiveCfg = Release|Any CPU
		{9A1D5EBC-8382-49B8-99AA-8A3978E545AC}.Release|Any CPU.Build.0 = Release|Any CPU
	EndGlobalSection
	GlobalSection(SolutionProperties) = preSolution
		HideSolutionNode = FALSE
	EndGlobalSection
	GlobalSection(ExtensibilityGlobals) = postSolution
		SolutionGuid = {96813126-0B75-4F6E-A29A-41E1336F8079}
	EndGlobalSection
EndGlobal
